<?xml version="1.0" encoding="utf-8"?>
<Project ToolsVersion="4.0" xmlns="http://schemas.microsoft.com/developer/msbuild/2003">
  <ItemGroup>
    <Filter Include="Source Files">
      <UniqueIdentifier>{4FC737F1-C7A5-4376-A066-2A32D752A2FF}</UniqueIdentifier>
      <Extensions>cpp;c;cc;cxx;c++;cppm;ixx;def;odl;idl;hpj;bat;asm;asmx</Extensions>
    </Filter>
    <Filter Include="Header Files">
      <UniqueIdentifier>{93995380-89BD-4b04-88EB-625FBE52EBFB}</UniqueIdentifier>
      <Extensions>h;hh;hpp;hxx;h++;hm;inl;inc;ipp;xsd</Extensions>
    </Filter>
    <Filter Include="Resource Files">
      <UniqueIdentifier>{67DA6AB6-F800-4c08-8B7A-83BB121AAD01}</UniqueIdentifier>
      <Extensions>rc;ico;cur;bmp;dlg;rc2;rct;bin;rgs;gif;jpg;jpeg;jpe;resx;tiff;tif;png;wav;mfcribbon-ms</Extensions>
    </Filter>
    <Filter Include="GFX">
      <UniqueIdentifier>{0b8221ce-bf71-4a31-9fcd-7768ad327185}</UniqueIdentifier>
    </Filter>
    <Filter Include="GFX\Header Files">
      <UniqueIdentifier>{bd1dc54b-2938-4f93-908b-aa8cf40d7406}</UniqueIdentifier>
    </Filter>
    <Filter Include="GFX\Source Files">
      <UniqueIdentifier>{1a4fc61a-85e3-4e9c-a71d-5df7497fa3a8}</UniqueIdentifier>
    </Filter>
    <Filter Include="ImGui">
      <UniqueIdentifier>{8400f360-f550-4591-b464-2fcf5c304a7f}</UniqueIdentifier>
    </Filter>
    <Filter Include="Physics">
      <UniqueIdentifier>{5020ec18-0fcf-454f-960f-183d47bf6d76}</UniqueIdentifier>
    </Filter>
    <Filter Include="Physics\Header files">
      <UniqueIdentifier>{63faf9d8-3ff4-4638-bee1-e948fafbb77f}</UniqueIdentifier>
    </Filter>
    <Filter Include="Physics\Source files">
      <UniqueIdentifier>{8f153901-cbc5-4fc5-8e8d-a3ad1160836a}</UniqueIdentifier>
    </Filter>
    <Filter Include="Characters">
      <UniqueIdentifier>{74845503-8d99-4aec-8618-2d15041ef52f}</UniqueIdentifier>
    </Filter>
    <Filter Include="Characters\Header files">
      <UniqueIdentifier>{9c539b1e-971c-45b6-8cdf-f52b60d164fe}</UniqueIdentifier>
    </Filter>
    <Filter Include="Characters\Source">
      <UniqueIdentifier>{59ac8e90-9e24-484e-9b8e-e46e62f2c460}</UniqueIdentifier>
    </Filter>
    <Filter Include="AI">
      <UniqueIdentifier>{9f014f97-13b8-41e3-a32a-0595eb93986d}</UniqueIdentifier>
    </Filter>
    <Filter Include="AI\Source Files">
      <UniqueIdentifier>{dcb92f01-b24f-46bb-9397-9189c783286b}</UniqueIdentifier>
    </Filter>
    <Filter Include="AI\Header Files">
      <UniqueIdentifier>{7f8eb138-f813-433b-bc7a-4aa07d195212}</UniqueIdentifier>
    </Filter>
    <Filter Include="AI\PathFinding">
      <UniqueIdentifier>{29d42dfb-cf93-48b9-a860-8eedef093f1d}</UniqueIdentifier>
    </Filter>
    <Filter Include="AI\PathFinding\Header Files">
      <UniqueIdentifier>{0fa5aea5-321f-400a-8eed-4b62ae792032}</UniqueIdentifier>
    </Filter>
    <Filter Include="AI\PathFinding\Source Files">
      <UniqueIdentifier>{0d70c6a4-f58f-44d6-b104-a7c7e16c3f1f}</UniqueIdentifier>
    </Filter>
    <Filter Include="GFX\DX12">
      <UniqueIdentifier>{1f869a31-af56-4e9d-90cc-2b35a4e0cda9}</UniqueIdentifier>
    </Filter>
    <Filter Include="GFX\DX12\Header Files">
      <UniqueIdentifier>{b84f2283-2d83-49b4-b0a5-e2024067992f}</UniqueIdentifier>
    </Filter>
    <Filter Include="GFX\DX12\Source Files">
      <UniqueIdentifier>{24b76261-ad55-4d93-b8aa-0817753b3067}</UniqueIdentifier>
    </Filter>
    <Filter Include="Shaders12">
      <UniqueIdentifier>{fbdf4a25-0ea5-4cad-a445-b4e5a69b87db}</UniqueIdentifier>
    </Filter>
    <Filter Include="Shaders12\Vertex Shaders">
      <UniqueIdentifier>{767aeb94-634a-4291-82d0-46b72858a76a}</UniqueIdentifier>
    </Filter>
    <Filter Include="Shaders12\Pixel Shaders">
      <UniqueIdentifier>{1a5c9ee8-c6bc-4269-8bc8-297e8406cacd}</UniqueIdentifier>
    </Filter>
    <Filter Include="ECS">
      <UniqueIdentifier>{aeea8b46-2969-4dd1-ad1b-f9c6f831e077}</UniqueIdentifier>
    </Filter>
    <Filter Include="ECS\Headers">
      <UniqueIdentifier>{9cf563f1-dd91-455e-80bf-7ba92b15fc0d}</UniqueIdentifier>
    </Filter>
    <Filter Include="ECS\Source">
      <UniqueIdentifier>{a640336c-bc28-43ab-903c-3f328253976d}</UniqueIdentifier>
    </Filter>
    <Filter Include="Scenes">
      <UniqueIdentifier>{81da25cd-7a32-471e-85e4-567b45351328}</UniqueIdentifier>
    </Filter>
    <Filter Include="Math">
      <UniqueIdentifier>{9cfe27c5-c40f-4c34-af57-4214f3803f20}</UniqueIdentifier>
    </Filter>
    <Filter Include="SDL">
      <UniqueIdentifier>{42409853-5403-450e-be48-4902ff629426}</UniqueIdentifier>
    </Filter>
    <Filter Include="SDL\Header">
      <UniqueIdentifier>{103343e1-7a9b-4b66-b340-d4c8240e8f7e}</UniqueIdentifier>
    </Filter>
    <Filter Include="SDL\Source">
      <UniqueIdentifier>{2731b9a4-ab8a-4bf0-8291-3ee928328550}</UniqueIdentifier>
    </Filter>
    <Filter Include="TINYGLTF">
      <UniqueIdentifier>{d6c31adb-1f0f-4302-869d-baadd7a199ff}</UniqueIdentifier>
    </Filter>
    <Filter Include="TINYGLTF\Header">
      <UniqueIdentifier>{337d7816-1645-493e-a666-66d5e3cfc273}</UniqueIdentifier>
    </Filter>
    <Filter Include="TINYGLTF\Source">
      <UniqueIdentifier>{34317125-0cd1-4612-98a0-715b2fc039ee}</UniqueIdentifier>
    </Filter>
    <Filter Include="Saves">
      <UniqueIdentifier>{af1346f2-f9ed-4534-b63f-703ab27b5bbf}</UniqueIdentifier>
    </Filter>
  </ItemGroup>
  <ItemGroup>
    <ClCompile Include="WinMain.cpp">
      <Filter>Source Files</Filter>
    </ClCompile>
    <ClCompile Include="COMException.cpp">
      <Filter>Source Files</Filter>
    </ClCompile>
    <ClCompile Include="StringHelper.cpp">
      <Filter>Source Files</Filter>
    </ClCompile>
    <ClCompile Include="Engine.cpp">
      <Filter>Source Files</Filter>
    </ClCompile>
    <ClCompile Include="AppTimer.cpp">
      <Filter>Source Files</Filter>
    </ClCompile>
    <ClCompile Include="Camera.cpp">
      <Filter>Source Files</Filter>
    </ClCompile>
    <ClCompile Include="GFXGui.cpp">
      <Filter>GFX\Source Files</Filter>
    </ClCompile>
    <ClCompile Include="Frustum.cpp">
      <Filter>GFX\Source Files</Filter>
    </ClCompile>
    <ClCompile Include="DX12.cpp">
      <Filter>GFX\DX12\Source Files</Filter>
    </ClCompile>
    <ClCompile Include="DXCShaderCompiler.cpp">
      <Filter>GFX\DX12\Source Files</Filter>
    </ClCompile>
    <ClCompile Include="RectShape12.cpp">
      <Filter>GFX\DX12\Source Files</Filter>
    </ClCompile>
    <ClCompile Include="Shapes12.cpp">
      <Filter>GFX\DX12\Source Files</Filter>
    </ClCompile>
    <ClCompile Include="CubeShape12.cpp">
      <Filter>GFX\DX12\Source Files</Filter>
    </ClCompile>
    <ClCompile Include="MeshManager.cpp">
      <Filter>ECS\Source</Filter>
    </ClCompile>
    <ClCompile Include="SceneManager.cpp">
      <Filter>ECS\Source</Filter>
    </ClCompile>
    <ClCompile Include="MeshGenerators.cpp">
      <Filter>GFX\DX12\Source Files</Filter>
    </ClCompile>
    <ClCompile Include="AssetManager.cpp">
      <Filter>ECS\Source</Filter>
    </ClCompile>
    <ClCompile Include="ErrorLogger.cpp">
      <Filter>Source Files</Filter>
    </ClCompile>
    <ClCompile Include="imgui_impl_win32.cpp">
      <Filter>ImGui</Filter>
    </ClCompile>
    <ClCompile Include="imgui_impl_dx12.cpp">
      <Filter>ImGui</Filter>
    </ClCompile>
    <ClCompile Include="imgui_widgets.cpp">
      <Filter>ImGui</Filter>
    </ClCompile>
    <ClCompile Include="imgui_tables.cpp">
      <Filter>ImGui</Filter>
    </ClCompile>
    <ClCompile Include="imgui_draw.cpp">
      <Filter>ImGui</Filter>
    </ClCompile>
    <ClCompile Include="imgui_demo.cpp">
      <Filter>ImGui</Filter>
    </ClCompile>
    <ClCompile Include="imgui.cpp">
      <Filter>ImGui</Filter>
    </ClCompile>
    <ClCompile Include="Texture12.cpp">
      <Filter>GFX\DX12\Source Files</Filter>
    </ClCompile>
    <ClCompile Include="DescriptorAllocator.cpp">
      <Filter>GFX\DX12\Source Files</Filter>
    </ClCompile>
    <ClCompile Include="MaterialManager.cpp">
      <Filter>ECS\Source</Filter>
    </ClCompile>
    <ClCompile Include="EntityFactory.cpp">
      <Filter>ECS\Source</Filter>
    </ClCompile>
    <ClCompile Include="Scene.cpp">
      <Filter>ECS\Source</Filter>
    </ClCompile>
    <ClCompile Include="GraphEditor.cpp">
      <Filter>ImGui</Filter>
    </ClCompile>
    <ClCompile Include="ImCurveEdit.cpp">
      <Filter>ImGui</Filter>
    </ClCompile>
    <ClCompile Include="ImGradient.cpp">
      <Filter>ImGui</Filter>
    </ClCompile>
    <ClCompile Include="ImGuizmo.cpp">
      <Filter>ImGui</Filter>
    </ClCompile>
    <ClCompile Include="ImSequencer.cpp">
      <Filter>ImGui</Filter>
    </ClCompile>
    <ClCompile Include="GameWindow.cpp">
      <Filter>SDL\Source</Filter>
    </ClCompile>
    <ClCompile Include="imgui_impl_sdl3.cpp">
      <Filter>ImGui</Filter>
    </ClCompile>
    <ClCompile Include="Model.cpp">
      <Filter>TINYGLTF\Source</Filter>
    </ClCompile>
    <ClCompile Include="AnimationManager.cpp">
      <Filter>ECS\Source</Filter>
    </ClCompile>
    <ClCompile Include="SaveLoadSystem.cpp">
      <Filter>Saves</Filter>
    </ClCompile>
    <ClCompile Include="RenderingManager.cpp">
      <Filter>ECS\Source</Filter>
    </ClCompile>
    <ClCompile Include="RenderTargetTexture.cpp">
      <Filter>GFX\DX12\Source Files</Filter>
    </ClCompile>
    <ClCompile Include="GBuffer.cpp">
      <Filter>GFX\DX12\Source Files</Filter>
    </ClCompile>
    <ClCompile Include="LightManager.cpp">
      <Filter>ECS\Source</Filter>
    </ClCompile>
  </ItemGroup>
  <ItemGroup>
    <ClInclude Include="COMException.h">
      <Filter>Header Files</Filter>
    </ClInclude>
    <ClInclude Include="StringHelper.h">
      <Filter>Header Files</Filter>
    </ClInclude>
    <ClInclude Include="Engine.h">
      <Filter>Header Files</Filter>
    </ClInclude>
    <ClInclude Include="AppTimer.h">
      <Filter>Header Files</Filter>
    </ClInclude>
    <ClInclude Include="Camera.h">
      <Filter>Header Files</Filter>
    </ClInclude>
    <ClInclude Include="Vertex.h">
      <Filter>GFX\Header Files</Filter>
    </ClInclude>
    <ClInclude Include="ConstantBufferTypes.h">
      <Filter>GFX\Header Files</Filter>
    </ClInclude>
    <ClInclude Include="GFXGui.h">
      <Filter>GFX\Header Files</Filter>
    </ClInclude>
    <ClInclude Include="Frustum.h">
      <Filter>GFX\Header Files</Filter>
    </ClInclude>
    <ClInclude Include="DX12.h">
      <Filter>GFX\DX12\Header Files</Filter>
    </ClInclude>
    <ClInclude Include="RectShape12.h">
      <Filter>GFX\DX12\Header Files</Filter>
    </ClInclude>
    <ClInclude Include="VertexBuffer12.h">
      <Filter>GFX\DX12\Header Files</Filter>
    </ClInclude>
    <ClInclude Include="IndexBuffer12.h">
      <Filter>GFX\DX12\Header Files</Filter>
    </ClInclude>
    <ClInclude Include="DXCShaderCompiler.h">
      <Filter>GFX\DX12\Header Files</Filter>
    </ClInclude>
    <ClInclude Include="Shapes12.h">
      <Filter>GFX\DX12\Header Files</Filter>
    </ClInclude>
    <ClInclude Include="CubeShape12.h">
      <Filter>GFX\DX12\Header Files</Filter>
    </ClInclude>
    <ClInclude Include="DynamicUploadBuffer.h">
      <Filter>GFX\DX12\Header Files</Filter>
    </ClInclude>
    <ClInclude Include="DX12Includes.h">
      <Filter>GFX\DX12\Header Files</Filter>
    </ClInclude>
    <ClInclude Include="TransformECS.h">
      <Filter>ECS\Headers</Filter>
    </ClInclude>
    <ClInclude Include="RenderingECS.h">
      <Filter>ECS\Headers</Filter>
    </ClInclude>
    <ClInclude Include="ComponentStorage12.h">
      <Filter>ECS\Headers</Filter>
    </ClInclude>
    <ClInclude Include="MeshManager.h">
      <Filter>ECS\Headers</Filter>
    </ClInclude>
    <ClInclude Include="MeshData.h">
      <Filter>ECS\Headers</Filter>
    </ClInclude>
    <ClInclude Include="MaterialECS.h">
      <Filter>ECS\Headers</Filter>
    </ClInclude>
    <ClInclude Include="SceneManager.h">
      <Filter>ECS\Headers</Filter>
    </ClInclude>
    <ClInclude Include="MeshGenerators.h">
      <Filter>GFX\DX12\Header Files</Filter>
    </ClInclude>
    <ClInclude Include="AssetManager.h">
      <Filter>ECS\Headers</Filter>
    </ClInclude>
    <ClInclude Include="ErrorLogger.h">
      <Filter>Header Files</Filter>
    </ClInclude>
    <ClInclude Include="imgui_impl_win32.h">
      <Filter>ImGui</Filter>
    </ClInclude>
    <ClInclude Include="imgui_impl_dx12.h">
      <Filter>ImGui</Filter>
    </ClInclude>
    <ClInclude Include="imstb_truetype.h">
      <Filter>ImGui</Filter>
    </ClInclude>
    <ClInclude Include="imstb_textedit.h">
      <Filter>ImGui</Filter>
    </ClInclude>
    <ClInclude Include="imstb_rectpack.h">
      <Filter>ImGui</Filter>
    </ClInclude>
    <ClInclude Include="imgui_internal.h">
      <Filter>ImGui</Filter>
    </ClInclude>
    <ClInclude Include="imgui.h">
      <Filter>ImGui</Filter>
    </ClInclude>
    <ClInclude Include="imconfig.h">
      <Filter>ImGui</Filter>
    </ClInclude>
    <ClInclude Include="Texture12.h">
      <Filter>GFX\DX12\Header Files</Filter>
    </ClInclude>
    <ClInclude Include="DescriptorAllocator.h">
      <Filter>GFX\DX12\Header Files</Filter>
    </ClInclude>
    <ClInclude Include="MaterialManager.h">
      <Filter>ECS\Headers</Filter>
    </ClInclude>
    <ClInclude Include="EntityFactory.h">
      <Filter>ECS\Headers</Filter>
    </ClInclude>
    <ClInclude Include="Scene.h">
      <Filter>ECS\Headers</Filter>
    </ClInclude>
    <ClInclude Include="EntityECS.h">
      <Filter>ECS\Headers</Filter>
    </ClInclude>
    <ClInclude Include="GraphEditor.h">
      <Filter>ImGui</Filter>
    </ClInclude>
    <ClInclude Include="ImCurveEdit.h">
      <Filter>ImGui</Filter>
    </ClInclude>
    <ClInclude Include="ImGradient.h">
      <Filter>ImGui</Filter>
    </ClInclude>
    <ClInclude Include="ImGuizmo.h">
      <Filter>ImGui</Filter>
    </ClInclude>
    <ClInclude Include="ImSequencer.h">
      <Filter>ImGui</Filter>
    </ClInclude>
    <ClInclude Include="ImZoomSlider.h">
      <Filter>ImGui</Filter>
    </ClInclude>
    <ClInclude Include="MathHelpers.h">
      <Filter>Math</Filter>
    </ClInclude>
    <ClInclude Include="GameWindow.h">
      <Filter>SDL\Header</Filter>
    </ClInclude>
    <ClInclude Include="imgui_impl_sdl3.h">
      <Filter>ImGui</Filter>
    </ClInclude>
    <ClInclude Include="Model.h">
      <Filter>TINYGLTF\Header</Filter>
    </ClInclude>
    <ClInclude Include="AnimationManager.h">
      <Filter>ECS\Headers</Filter>
    </ClInclude>
    <ClInclude Include="ModelData.h">
      <Filter>TINYGLTF\Header</Filter>
    </ClInclude>
    <ClInclude Include="SaveLoadSystem.h">
      <Filter>Saves</Filter>
    </ClInclude>
    <ClInclude Include="RenderingManager.h">
      <Filter>ECS\Headers</Filter>
    </ClInclude>
    <ClInclude Include="RenderTargetTexture.h">
      <Filter>GFX\DX12\Header Files</Filter>
    </ClInclude>
    <ClInclude Include="GBuffer.h">
      <Filter>GFX\DX12\Header Files</Filter>
    </ClInclude>
    <ClInclude Include="GFX_MACROS.h">
      <Filter>GFX\Header Files</Filter>
    </ClInclude>
    <ClInclude Include="LightECS.h">
      <Filter>ECS\Headers</Filter>
    </ClInclude>
    <ClInclude Include="LightManager.h">
      <Filter>ECS\Headers</Filter>
    </ClInclude>
    <ClInclude Include="StructuredBuffer.h">
      <Filter>GFX\DX12\Header Files</Filter>
    </ClInclude>
  </ItemGroup>
  <ItemGroup>
    <FxCompile Include="PixelShader12.hlsl">
      <Filter>Shaders12\Pixel Shaders</Filter>
    </FxCompile>
    <FxCompile Include="VertexShader12.hlsl">
      <Filter>Shaders12\Vertex Shaders</Filter>
    </FxCompile>
    <FxCompile Include="VertexShader_2D.hlsl">
      <Filter>Shaders12\Vertex Shaders</Filter>
    </FxCompile>
    <FxCompile Include="PixelShader_lightPass.hlsl">
      <Filter>Shaders12\Pixel Shaders</Filter>
    </FxCompile>
    <FxCompile Include="GBufferPS.hlsl">
      <Filter>Shaders12\Pixel Shaders</Filter>
    </FxCompile>
  </ItemGroup>
  <ItemGroup>
    <None Include="packages.config" />
    <None Include="General_VS.hlsli">
      <Filter>Shaders12</Filter>
    </None>
    <None Include="General_PS.hlsli">
      <Filter>Shaders12</Filter>
    </None>
    <None Include="Math_Helpers.hlsli">
      <Filter>Shaders12</Filter>
    </None>
  </ItemGroup>
</Project>