<?xml version="1.0" encoding="utf-8"?>
<Project ToolsVersion="4.0" xmlns="http://schemas.microsoft.com/developer/msbuild/2003">
  <ItemGroup>
    <Filter Include="Source Files">
      <UniqueIdentifier>{4FC737F1-C7A5-4376-A066-2A32D752A2FF}</UniqueIdentifier>
      <Extensions>cpp;c;cc;cxx;c++;cppm;ixx;def;odl;idl;hpj;bat;asm;asmx</Extensions>
    </Filter>
    <Filter Include="Header Files">
      <UniqueIdentifier>{93995380-89BD-4b04-88EB-625FBE52EBFB}</UniqueIdentifier>
      <Extensions>h;hh;hpp;hxx;h++;hm;inl;inc;ipp;xsd</Extensions>
    </Filter>
    <Filter Include="Resource Files">
      <UniqueIdentifier>{67DA6AB6-F800-4c08-8B7A-83BB121AAD01}</UniqueIdentifier>
      <Extensions>rc;ico;cur;bmp;dlg;rc2;rct;bin;rgs;gif;jpg;jpeg;jpe;resx;tiff;tif;png;wav;mfcribbon-ms</Extensions>
    </Filter>
    <Filter Include="GFX">
      <UniqueIdentifier>{0b8221ce-bf71-4a31-9fcd-7768ad327185}</UniqueIdentifier>
    </Filter>
    <Filter Include="GFX\Header Files">
      <UniqueIdentifier>{bd1dc54b-2938-4f93-908b-aa8cf40d7406}</UniqueIdentifier>
    </Filter>
    <Filter Include="GFX\Source Files">
      <UniqueIdentifier>{1a4fc61a-85e3-4e9c-a71d-5df7497fa3a8}</UniqueIdentifier>
    </Filter>
    <Filter Include="ImGui">
      <UniqueIdentifier>{8400f360-f550-4591-b464-2fcf5c304a7f}</UniqueIdentifier>
    </Filter>
    <Filter Include="Physics">
      <UniqueIdentifier>{5020ec18-0fcf-454f-960f-183d47bf6d76}</UniqueIdentifier>
    </Filter>
    <Filter Include="Physics\Header files">
      <UniqueIdentifier>{63faf9d8-3ff4-4638-bee1-e948fafbb77f}</UniqueIdentifier>
    </Filter>
    <Filter Include="Physics\Source files">
      <UniqueIdentifier>{8f153901-cbc5-4fc5-8e8d-a3ad1160836a}</UniqueIdentifier>
    </Filter>
    <Filter Include="Characters">
      <UniqueIdentifier>{74845503-8d99-4aec-8618-2d15041ef52f}</UniqueIdentifier>
    </Filter>
    <Filter Include="Characters\Header files">
      <UniqueIdentifier>{9c539b1e-971c-45b6-8cdf-f52b60d164fe}</UniqueIdentifier>
    </Filter>
    <Filter Include="Characters\Source">
      <UniqueIdentifier>{59ac8e90-9e24-484e-9b8e-e46e62f2c460}</UniqueIdentifier>
    </Filter>
    <Filter Include="AI">
      <UniqueIdentifier>{9f014f97-13b8-41e3-a32a-0595eb93986d}</UniqueIdentifier>
    </Filter>
    <Filter Include="AI\Source Files">
      <UniqueIdentifier>{dcb92f01-b24f-46bb-9397-9189c783286b}</UniqueIdentifier>
    </Filter>
    <Filter Include="AI\Header Files">
      <UniqueIdentifier>{7f8eb138-f813-433b-bc7a-4aa07d195212}</UniqueIdentifier>
    </Filter>
    <Filter Include="AI\PathFinding">
      <UniqueIdentifier>{29d42dfb-cf93-48b9-a860-8eedef093f1d}</UniqueIdentifier>
    </Filter>
    <Filter Include="AI\PathFinding\Header Files">
      <UniqueIdentifier>{0fa5aea5-321f-400a-8eed-4b62ae792032}</UniqueIdentifier>
    </Filter>
    <Filter Include="AI\PathFinding\Source Files">
      <UniqueIdentifier>{0d70c6a4-f58f-44d6-b104-a7c7e16c3f1f}</UniqueIdentifier>
    </Filter>
    <Filter Include="ECS">
      <UniqueIdentifier>{aeea8b46-2969-4dd1-ad1b-f9c6f831e077}</UniqueIdentifier>
    </Filter>
    <Filter Include="ECS\Headers">
      <UniqueIdentifier>{9cf563f1-dd91-455e-80bf-7ba92b15fc0d}</UniqueIdentifier>
    </Filter>
    <Filter Include="ECS\Source">
      <UniqueIdentifier>{a640336c-bc28-43ab-903c-3f328253976d}</UniqueIdentifier>
    </Filter>
    <Filter Include="Scenes">
      <UniqueIdentifier>{81da25cd-7a32-471e-85e4-567b45351328}</UniqueIdentifier>
    </Filter>
    <Filter Include="Math">
      <UniqueIdentifier>{9cfe27c5-c40f-4c34-af57-4214f3803f20}</UniqueIdentifier>
    </Filter>
    <Filter Include="SDL">
      <UniqueIdentifier>{42409853-5403-450e-be48-4902ff629426}</UniqueIdentifier>
    </Filter>
    <Filter Include="SDL\Header">
      <UniqueIdentifier>{103343e1-7a9b-4b66-b340-d4c8240e8f7e}</UniqueIdentifier>
    </Filter>
    <Filter Include="SDL\Source">
      <UniqueIdentifier>{2731b9a4-ab8a-4bf0-8291-3ee928328550}</UniqueIdentifier>
    </Filter>
    <Filter Include="TINYGLTF">
      <UniqueIdentifier>{d6c31adb-1f0f-4302-869d-baadd7a199ff}</UniqueIdentifier>
    </Filter>
    <Filter Include="TINYGLTF\Header">
      <UniqueIdentifier>{337d7816-1645-493e-a666-66d5e3cfc273}</UniqueIdentifier>
    </Filter>
    <Filter Include="TINYGLTF\Source">
      <UniqueIdentifier>{34317125-0cd1-4612-98a0-715b2fc039ee}</UniqueIdentifier>
    </Filter>
    <Filter Include="Saves">
      <UniqueIdentifier>{af1346f2-f9ed-4534-b63f-703ab27b5bbf}</UniqueIdentifier>
    </Filter>
    <Filter Include="Shaders">
      <UniqueIdentifier>{fbdf4a25-0ea5-4cad-a445-b4e5a69b87db}</UniqueIdentifier>
    </Filter>
    <Filter Include="Shaders\Vertex Shaders">
      <UniqueIdentifier>{767aeb94-634a-4291-82d0-46b72858a76a}</UniqueIdentifier>
    </Filter>
    <Filter Include="Shaders\Pixel Shaders">
      <UniqueIdentifier>{1a5c9ee8-c6bc-4269-8bc8-297e8406cacd}</UniqueIdentifier>
    </Filter>
    <Filter Include="Shaders\Raytracing shaders">
      <UniqueIdentifier>{71932e34-91b9-4661-b3fa-fc4f24a3b791}</UniqueIdentifier>
    </Filter>
    <Filter Include="Shaders\Compute shaders">
      <UniqueIdentifier>{6e0092f6-110c-4d1f-8b07-4d6845ae8113}</UniqueIdentifier>
    </Filter>
    <Filter Include="GFX\Compute">
      <UniqueIdentifier>{4b24f03f-5616-46ba-a31c-5224212b6bfc}</UniqueIdentifier>
    </Filter>
    <Filter Include="GFX\Compute\Header">
      <UniqueIdentifier>{ee723a0d-2efe-4167-b55a-6406d26831d1}</UniqueIdentifier>
    </Filter>
    <Filter Include="GFX\Compute\Source">
      <UniqueIdentifier>{03d2a4e4-8bf3-4d8d-9d79-7ba14e45776f}</UniqueIdentifier>
    </Filter>
    <Filter Include="Common">
      <UniqueIdentifier>{57f2e25a-5a2a-43ff-a006-c4471124216e}</UniqueIdentifier>
    </Filter>
    <Filter Include="Common\Header">
      <UniqueIdentifier>{9df740d1-6f90-445d-b25c-589e9a72bd75}</UniqueIdentifier>
    </Filter>
    <Filter Include="Common\Source">
      <UniqueIdentifier>{00a83013-508b-41bc-a930-a582fc9b47a3}</UniqueIdentifier>
    </Filter>
  </ItemGroup>
  <ItemGroup>
    <ClCompile Include="Source\Physics\PhysicsDebugDraw.cpp">
      <Filter>Physics\Source files</Filter>
    </ClCompile>
    <ClCompile Include="Source\Physics\PhysicsManager.cpp">
      <Filter>Physics\Source files</Filter>
    </ClCompile>
    <ClCompile Include="Source\Physics\PhysicsShapeGenerator.cpp">
      <Filter>Physics\Source files</Filter>
    </ClCompile>
    <ClCompile Include="Source\ImGui\GraphEditor.cpp">
      <Filter>ImGui</Filter>
    </ClCompile>
    <ClCompile Include="Source\ImGui\ImCurveEdit.cpp">
      <Filter>ImGui</Filter>
    </ClCompile>
    <ClCompile Include="Source\ImGui\ImGradient.cpp">
      <Filter>ImGui</Filter>
    </ClCompile>
    <ClCompile Include="Source\ImGui\imgui.cpp">
      <Filter>ImGui</Filter>
    </ClCompile>
    <ClCompile Include="Source\ImGui\imgui_demo.cpp">
      <Filter>ImGui</Filter>
    </ClCompile>
    <ClCompile Include="Source\ImGui\imgui_draw.cpp">
      <Filter>ImGui</Filter>
    </ClCompile>
    <ClCompile Include="Source\ImGui\imgui_impl_dx12.cpp">
      <Filter>ImGui</Filter>
    </ClCompile>
    <ClCompile Include="Source\ImGui\imgui_impl_sdl3.cpp">
      <Filter>ImGui</Filter>
    </ClCompile>
    <ClCompile Include="Source\ImGui\imgui_impl_win32.cpp">
      <Filter>ImGui</Filter>
    </ClCompile>
    <ClCompile Include="Source\ImGui\imgui_tables.cpp">
      <Filter>ImGui</Filter>
    </ClCompile>
    <ClCompile Include="Source\ImGui\imgui_widgets.cpp">
      <Filter>ImGui</Filter>
    </ClCompile>
    <ClCompile Include="Source\ImGui\ImGuizmo.cpp">
      <Filter>ImGui</Filter>
    </ClCompile>
    <ClCompile Include="Source\ImGui\ImSequencer.cpp">
      <Filter>ImGui</Filter>
    </ClCompile>
    <ClCompile Include="Source\ECS\AnimationManager.cpp">
      <Filter>ECS\Source</Filter>
    </ClCompile>
    <ClCompile Include="Source\ECS\AssetManager.cpp">
      <Filter>ECS\Source</Filter>
    </ClCompile>
    <ClCompile Include="Source\ECS\EntityFactory.cpp">
      <Filter>ECS\Source</Filter>
    </ClCompile>
    <ClCompile Include="Source\ECS\LightManager.cpp">
      <Filter>ECS\Source</Filter>
    </ClCompile>
    <ClCompile Include="Source\ECS\Scene.cpp">
      <Filter>ECS\Source</Filter>
    </ClCompile>
    <ClCompile Include="Source\ECS\SceneManager.cpp">
      <Filter>ECS\Source</Filter>
    </ClCompile>
    <ClCompile Include="Source\ECS\TransformManager.cpp">
      <Filter>ECS\Source</Filter>
    </ClCompile>
    <ClCompile Include="Source\GFX\BLASBuilder.cpp">
      <Filter>GFX\Source Files</Filter>
    </ClCompile>
    <ClCompile Include="Source\GFX\CubeMap.cpp">
      <Filter>GFX\Source Files</Filter>
    </ClCompile>
    <ClCompile Include="Source\GFX\CubeShape12.cpp">
      <Filter>GFX\Source Files</Filter>
    </ClCompile>
    <ClCompile Include="Source\GFX\DescriptorAllocator.cpp">
      <Filter>GFX\Source Files</Filter>
    </ClCompile>
    <ClCompile Include="Source\GFX\DX12.cpp">
      <Filter>GFX\Source Files</Filter>
    </ClCompile>
    <ClCompile Include="Source\GFX\DXCShaderCompiler.cpp">
      <Filter>GFX\Source Files</Filter>
    </ClCompile>
    <ClCompile Include="Source\GFX\GBuffer.cpp">
      <Filter>GFX\Source Files</Filter>
    </ClCompile>
    <ClCompile Include="Source\GFX\GFXGui.cpp">
      <Filter>GFX\Source Files</Filter>
    </ClCompile>
    <ClCompile Include="Source\GFX\HDR_IMAGE.cpp">
      <Filter>GFX\Source Files</Filter>
    </ClCompile>
    <ClCompile Include="Source\GFX\MaterialManager.cpp">
      <Filter>GFX\Source Files</Filter>
    </ClCompile>
    <ClCompile Include="Source\GFX\MeshGenerators.cpp">
      <Filter>GFX\Source Files</Filter>
    </ClCompile>
    <ClCompile Include="Source\GFX\MeshManager.cpp">
      <Filter>GFX\Source Files</Filter>
    </ClCompile>
    <ClCompile Include="Source\GFX\RectShape12.cpp">
      <Filter>GFX\Source Files</Filter>
    </ClCompile>
    <ClCompile Include="Source\GFX\RenderingComponent.cpp">
      <Filter>GFX\Source Files</Filter>
    </ClCompile>
    <ClCompile Include="Source\GFX\RenderingManager.cpp">
      <Filter>GFX\Source Files</Filter>
    </ClCompile>
    <ClCompile Include="Source\GFX\RenderTargetTexture.cpp">
      <Filter>GFX\Source Files</Filter>
    </ClCompile>
    <ClCompile Include="Source\GFX\Shapes12.cpp">
      <Filter>GFX\Source Files</Filter>
    </ClCompile>
    <ClCompile Include="Source\GFX\Texture12.cpp">
      <Filter>GFX\Source Files</Filter>
    </ClCompile>
    <ClCompile Include="Source\GFX\TLASBuilder.cpp">
      <Filter>GFX\Source Files</Filter>
    </ClCompile>
    <ClCompile Include="Source\Compute\ComputeSkinning.cpp">
      <Filter>GFX\Compute\Source</Filter>
    </ClCompile>
    <ClCompile Include="Source\Compute\ComputeWrapper.cpp">
      <Filter>GFX\Compute\Source</Filter>
    </ClCompile>
    <ClCompile Include="Source\Common\AppTimer.cpp">
      <Filter>Common\Source</Filter>
    </ClCompile>
    <ClCompile Include="Source\Common\Camera.cpp">
      <Filter>Common\Source</Filter>
    </ClCompile>
    <ClCompile Include="Source\Common\COMException.cpp">
      <Filter>Common\Source</Filter>
    </ClCompile>
    <ClCompile Include="Source\Common\Engine.cpp">
      <Filter>Common\Source</Filter>
    </ClCompile>
    <ClCompile Include="Source\Common\ErrorLogger.cpp">
      <Filter>Common\Source</Filter>
    </ClCompile>
    <ClCompile Include="Source\Common\StringHelper.cpp">
      <Filter>Common\Source</Filter>
    </ClCompile>
    <ClCompile Include="Source\Common\WinMain.cpp">
      <Filter>Common\Source</Filter>
    </ClCompile>
    <ClCompile Include="Source\GFX\Model.cpp">
      <Filter>GFX\Source Files</Filter>
    </ClCompile>
    <ClCompile Include="Source\Common\GameWindow.cpp">
      <Filter>Common\Source</Filter>
    </ClCompile>
    <ClCompile Include="Source\GFX\mikktspace.c">
      <Filter>GFX\Source Files</Filter>
    </ClCompile>
    <ClCompile Include="Source\Common\SaveLoadSystem.cpp">
      <Filter>Common\Source</Filter>
    </ClCompile>
  </ItemGroup>
  <ItemGroup>
    <ClInclude Include="MathHelpers.h">
      <Filter>Math</Filter>
    </ClInclude>
    <ClInclude Include="ModelData.h">
      <Filter>TINYGLTF\Header</Filter>
    </ClInclude>
    <ClInclude Include="Source\Physics\PhysicsData.h">
      <Filter>Physics\Header files</Filter>
    </ClInclude>
    <ClInclude Include="Source\Physics\PhysicsDebugDraw.h">
      <Filter>Physics\Header files</Filter>
    </ClInclude>
    <ClInclude Include="Source\Physics\PhysicsManager.h">
      <Filter>Physics\Header files</Filter>
    </ClInclude>
    <ClInclude Include="Source\Physics\PhysicsShapeGenerator.h">
      <Filter>Physics\Header files</Filter>
    </ClInclude>
    <ClInclude Include="Source\Physics\PxDefaultAllocator.h">
      <Filter>Physics\Header files</Filter>
    </ClInclude>
    <ClInclude Include="Source\Physics\PxDefaultErrorCallback.h">
      <Filter>Physics\Header files</Filter>
    </ClInclude>
    <ClInclude Include="Source\ImGui\GraphEditor.h">
      <Filter>ImGui</Filter>
    </ClInclude>
    <ClInclude Include="Source\ImGui\imconfig.h">
      <Filter>ImGui</Filter>
    </ClInclude>
    <ClInclude Include="Source\ImGui\ImCurveEdit.h">
      <Filter>ImGui</Filter>
    </ClInclude>
    <ClInclude Include="Source\ImGui\ImGradient.h">
      <Filter>ImGui</Filter>
    </ClInclude>
    <ClInclude Include="Source\ImGui\imgui.h">
      <Filter>ImGui</Filter>
    </ClInclude>
    <ClInclude Include="Source\ImGui\imgui_impl_dx12.h">
      <Filter>ImGui</Filter>
    </ClInclude>
    <ClInclude Include="Source\ImGui\imgui_impl_sdl3.h">
      <Filter>ImGui</Filter>
    </ClInclude>
    <ClInclude Include="Source\ImGui\imgui_impl_win32.h">
      <Filter>ImGui</Filter>
    </ClInclude>
    <ClInclude Include="Source\ImGui\imgui_internal.h">
      <Filter>ImGui</Filter>
    </ClInclude>
    <ClInclude Include="Source\ImGui\ImGuizmo.h">
      <Filter>ImGui</Filter>
    </ClInclude>
    <ClInclude Include="Source\ImGui\ImSequencer.h">
      <Filter>ImGui</Filter>
    </ClInclude>
    <ClInclude Include="Source\ImGui\imstb_rectpack.h">
      <Filter>ImGui</Filter>
    </ClInclude>
    <ClInclude Include="Source\ImGui\imstb_textedit.h">
      <Filter>ImGui</Filter>
    </ClInclude>
    <ClInclude Include="Source\ImGui\imstb_truetype.h">
      <Filter>ImGui</Filter>
    </ClInclude>
    <ClInclude Include="Source\ImGui\ImZoomSlider.h">
      <Filter>ImGui</Filter>
    </ClInclude>
    <ClInclude Include="Source\ECS\AnimationManager.h">
      <Filter>ECS\Headers</Filter>
    </ClInclude>
    <ClInclude Include="Source\ECS\AssetManager.h">
      <Filter>ECS\Headers</Filter>
    </ClInclude>
    <ClInclude Include="Source\ECS\EntityECS.h">
      <Filter>ECS\Headers</Filter>
    </ClInclude>
    <ClInclude Include="Source\ECS\EntityFactory.h">
      <Filter>ECS\Headers</Filter>
    </ClInclude>
    <ClInclude Include="Source\ECS\LightECS.h">
      <Filter>ECS\Headers</Filter>
    </ClInclude>
    <ClInclude Include="Source\ECS\LightManager.h">
      <Filter>ECS\Headers</Filter>
    </ClInclude>
    <ClInclude Include="Source\ECS\Scene.h">
      <Filter>ECS\Headers</Filter>
    </ClInclude>
    <ClInclude Include="Source\ECS\SceneManager.h">
      <Filter>ECS\Headers</Filter>
    </ClInclude>
    <ClInclude Include="Source\ECS\TransformECS.h">
      <Filter>ECS\Headers</Filter>
    </ClInclude>
    <ClInclude Include="Source\ECS\TransformManager.h">
      <Filter>ECS\Headers</Filter>
    </ClInclude>
    <ClInclude Include="Source\GFX\BLASBuilder.h">
      <Filter>GFX\Header Files</Filter>
    </ClInclude>
    <ClInclude Include="Source\GFX\ConstantBufferTypes.h">
      <Filter>GFX\Header Files</Filter>
    </ClInclude>
    <ClInclude Include="Source\GFX\CubeMap.h">
      <Filter>GFX\Header Files</Filter>
    </ClInclude>
    <ClInclude Include="Source\GFX\CubeShape12.h">
      <Filter>GFX\Header Files</Filter>
    </ClInclude>
    <ClInclude Include="Source\GFX\DescriptorAllocator.h">
      <Filter>GFX\Header Files</Filter>
    </ClInclude>
    <ClInclude Include="Source\GFX\DX12.h">
      <Filter>GFX\Header Files</Filter>
    </ClInclude>
    <ClInclude Include="Source\GFX\DX12Includes.h">
      <Filter>GFX\Header Files</Filter>
    </ClInclude>
    <ClInclude Include="Source\GFX\DXCShaderCompiler.h">
      <Filter>GFX\Header Files</Filter>
    </ClInclude>
    <ClInclude Include="Source\GFX\DynamicUploadBuffer.h">
      <Filter>GFX\Header Files</Filter>
    </ClInclude>
    <ClInclude Include="Source\GFX\GBuffer.h">
      <Filter>GFX\Header Files</Filter>
    </ClInclude>
    <ClInclude Include="Source\GFX\GFX_MACROS.h">
      <Filter>GFX\Header Files</Filter>
    </ClInclude>
    <ClInclude Include="Source\GFX\GFXGui.h">
      <Filter>GFX\Header Files</Filter>
    </ClInclude>
    <ClInclude Include="Source\GFX\HDR_IMAGE.h">
      <Filter>GFX\Header Files</Filter>
    </ClInclude>
    <ClInclude Include="Source\GFX\IndexBuffer12.h">
      <Filter>GFX\Header Files</Filter>
    </ClInclude>
    <ClInclude Include="Source\GFX\MaterialECS.h">
      <Filter>GFX\Header Files</Filter>
    </ClInclude>
    <ClInclude Include="Source\GFX\MaterialManager.h">
      <Filter>GFX\Header Files</Filter>
    </ClInclude>
    <ClInclude Include="Source\GFX\MeshData.h">
      <Filter>GFX\Header Files</Filter>
    </ClInclude>
    <ClInclude Include="Source\GFX\MeshGenerators.h">
      <Filter>GFX\Header Files</Filter>
    </ClInclude>
    <ClInclude Include="Source\GFX\MeshManager.h">
      <Filter>GFX\Header Files</Filter>
    </ClInclude>
    <ClInclude Include="Source\GFX\ModelData.h">
      <Filter>GFX\Header Files</Filter>
    </ClInclude>
    <ClInclude Include="Source\GFX\RayTraceData.h">
      <Filter>GFX\Header Files</Filter>
    </ClInclude>
    <ClInclude Include="Source\GFX\RectShape12.h">
      <Filter>GFX\Header Files</Filter>
    </ClInclude>
    <ClInclude Include="Source\GFX\RenderingComponent.h">
      <Filter>GFX\Header Files</Filter>
    </ClInclude>
    <ClInclude Include="Source\GFX\RenderingECS.h">
      <Filter>GFX\Header Files</Filter>
    </ClInclude>
    <ClInclude Include="Source\GFX\RenderingManager.h">
      <Filter>GFX\Header Files</Filter>
    </ClInclude>
    <ClInclude Include="Source\GFX\RenderTargetTexture.h">
      <Filter>GFX\Header Files</Filter>
    </ClInclude>
    <ClInclude Include="Source\GFX\ResourceWrapper.h">
      <Filter>GFX\Header Files</Filter>
    </ClInclude>
    <ClInclude Include="Source\GFX\Shapes12.h">
      <Filter>GFX\Header Files</Filter>
    </ClInclude>
    <ClInclude Include="Source\GFX\StructuredBuffer.h">
      <Filter>GFX\Header Files</Filter>
    </ClInclude>
    <ClInclude Include="Source\GFX\Texture12.h">
      <Filter>GFX\Header Files</Filter>
    </ClInclude>
    <ClInclude Include="Source\GFX\TLASBuilder.h">
      <Filter>GFX\Header Files</Filter>
    </ClInclude>
    <ClInclude Include="Source\GFX\Vertex.h">
      <Filter>GFX\Header Files</Filter>
    </ClInclude>
    <ClInclude Include="Source\GFX\VertexBuffer12.h">
      <Filter>GFX\Header Files</Filter>
    </ClInclude>
    <ClInclude Include="Source\Compute\ComputeSkinning.h">
      <Filter>GFX\Compute\Header</Filter>
    </ClInclude>
    <ClInclude Include="Source\Compute\ComputeWrapper.h">
      <Filter>GFX\Compute\Header</Filter>
    </ClInclude>
    <ClInclude Include="Source\Common\AppTimer.h">
      <Filter>Common\Header</Filter>
    </ClInclude>
    <ClInclude Include="Source\Common\Camera.h">
      <Filter>Common\Header</Filter>
    </ClInclude>
    <ClInclude Include="Source\Common\COMException.h">
      <Filter>Common\Header</Filter>
    </ClInclude>
    <ClInclude Include="Source\Common\Engine.h">
      <Filter>Common\Header</Filter>
    </ClInclude>
    <ClInclude Include="Source\Common\ErrorLogger.h">
      <Filter>Common\Header</Filter>
    </ClInclude>
    <ClInclude Include="Source\Common\MathHelpers.h">
      <Filter>Common\Header</Filter>
    </ClInclude>
    <ClInclude Include="Source\Common\StringHelper.h">
      <Filter>Common\Header</Filter>
    </ClInclude>
    <ClInclude Include="Source\GFX\Model.h">
      <Filter>GFX\Header Files</Filter>
    </ClInclude>
    <ClInclude Include="Source\Common\GameWindow.h">
      <Filter>Common\Header</Filter>
    </ClInclude>
    <ClInclude Include="Source\GFX\mikktspace.h">
      <Filter>GFX\Header Files</Filter>
    </ClInclude>
    <ClInclude Include="Source\Common\SaveLoadSystem.h">
      <Filter>Common\Header</Filter>
    </ClInclude>
  </ItemGroup>
  <ItemGroup>
    <None Include="packages.config" />
    <None Include="Shaders\General_PS.hlsli">
      <Filter>Shaders\Pixel Shaders</Filter>
    </None>
    <None Include="Shaders\General_VS.hlsli">
      <Filter>Shaders\Vertex Shaders</Filter>
    </None>
    <None Include="Shaders\RayTraceCommon.hlsli">
      <Filter>Shaders</Filter>
    </None>
    <None Include="Shaders\LightsData.hlsli">
      <Filter>Shaders</Filter>
    </None>
    <None Include="Shaders\Math_Helpers.hlsli">
      <Filter>Shaders</Filter>
    </None>
  </ItemGroup>
  <ItemGroup>
    <FxCompile Include="Shaders\Cubemap_PS.hlsl">
      <Filter>Shaders\Pixel Shaders</Filter>
    </FxCompile>
    <FxCompile Include="Shaders\CubemapDebug_PS.hlsl">
      <Filter>Shaders\Pixel Shaders</Filter>
    </FxCompile>
    <FxCompile Include="Shaders\GBufferPS.hlsl">
      <Filter>Shaders\Pixel Shaders</Filter>
    </FxCompile>
    <FxCompile Include="Shaders\IrradianceConvolutionPS.hlsl">
      <Filter>Shaders\Pixel Shaders</Filter>
    </FxCompile>
    <FxCompile Include="Shaders\PixelShader_lightPass.hlsl">
      <Filter>Shaders\Pixel Shaders</Filter>
    </FxCompile>
    <FxCompile Include="Shaders\PixelShader12.hlsl">
      <Filter>Shaders\Pixel Shaders</Filter>
    </FxCompile>
    <FxCompile Include="Shaders\PrefilterPS.hlsl">
      <Filter>Shaders\Pixel Shaders</Filter>
    </FxCompile>
    <FxCompile Include="Shaders\RaytracingPS.hlsl">
      <Filter>Shaders\Pixel Shaders</Filter>
    </FxCompile>
    <FxCompile Include="Shaders\BRDF_PS.hlsl">
      <Filter>Shaders\Pixel Shaders</Filter>
    </FxCompile>
    <FxCompile Include="Shaders\VertexShader_2D.hlsl">
      <Filter>Shaders\Vertex Shaders</Filter>
    </FxCompile>
    <FxCompile Include="Shaders\Cubemap_VS.hlsl">
      <Filter>Shaders\Vertex Shaders</Filter>
    </FxCompile>
    <FxCompile Include="Shaders\CubemapDebug_VS.hlsl">
      <Filter>Shaders\Vertex Shaders</Filter>
    </FxCompile>
    <FxCompile Include="Shaders\GbufferVS.hlsl">
      <Filter>Shaders\Vertex Shaders</Filter>
    </FxCompile>
    <FxCompile Include="Shaders\RayTracingShader.hlsl">
      <Filter>Shaders\Raytracing shaders</Filter>
    </FxCompile>
    <FxCompile Include="Shaders\ComputeShader.hlsl">
      <Filter>Shaders\Compute shaders</Filter>
    </FxCompile>
  </ItemGroup>
</Project>